
Microsoft Visual Studio Solution File, Format Version 12.00
Project("{FAE04EC0-301F-11D3-BF4B-00C04F79EFBC}") = "vassilyev.EduCheckV2App.WebAPI", "vassilyev.EduCheckV2App.WebAPI\vassilyev.EduCheckV2App.WebAPI.csproj", "{76C6CEE8-05A8-407A-91F7-62C6C19B86C4}"
EndProject
Global
	GlobalSection(SolutionConfigurationPlatforms) = preSolution
		Debug|Any CPU = Debug|Any CPU
		Release|Any CPU = Release|Any CPU
	EndGlobalSection
	GlobalSection(ProjectConfigurationPlatforms) = postSolution
		{76C6CEE8-05A8-407A-91F7-62C6C19B86C4}.Debug|Any CPU.ActiveCfg = Debug|Any CPU
		{76C6CEE8-05A8-407A-91F7-62C6C19B86C4}.Debug|Any CPU.Build.0 = Debug|Any CPU
		{76C6CEE8-05A8-407A-91F7-62C6C19B86C4}.Release|Any CPU.ActiveCfg = Release|Any CPU
		{76C6CEE8-05A8-407A-91F7-62C6C19B86C4}.Release|Any CPU.Build.0 = Release|Any CPU
	EndGlobalSection
EndGlobal
